lockfileVersion: 5.4

specifiers:
  '@types/node': ^17.0.40
  nanoid: ^3.3.4
  typescript: ^4.6.4

dependencies:
  nanoid: registry.npmmirror.com/nanoid/3.3.4

devDependencies:
  '@types/node': registry.npmmirror.com/@types/node/17.0.40
  typescript: registry.npmmirror.com/typescript/4.7.3

packages:

  registry.npmmirror.com/@types/node/17.0.40:
    resolution: {integrity: sha512-UXdBxNGqTMtm7hCwh9HtncFVLrXoqA3oJW30j6XWp5BH/wu3mVeaxo7cq5benFdBw34HB3XDT2TRPI7rXZ+mDg==, registry: https://registry.npm.taobao.org/, tarball: https://registry.npmmirror.com/@types/node/-/node-17.0.40.tgz}
    name: '@types/node'
    version: 17.0.40
    dev: true

  registry.npmmirror.com/nanoid/3.3.4:
    resolution: {integrity: sha512-MqBkQh/OHTS2egovRtLk45wEyNXwF+cokD+1YPf9u5VfJiRdAiRwB2froX5Co9Rh20xs4siNPm8naNotSD6RBw==, registry: https://registry.npm.taobao.org/, tarball: https://registry.npmmirror.com/nanoid/-/nanoid-3.3.4.tgz}
    name: nanoid
    version: 3.3.4
    engines: {node: ^10 || ^12 || ^13.7 || ^14 || >=15.0.1}
    hasBin: true
    dev: false

  registry.npmmirror.com/typescript/4.7.3:
    resolution: {integrity: sha512-WOkT3XYvrpXx4vMMqlD+8R8R37fZkjyLGlxavMc4iB8lrl8L0DeTcHbYgw/v0N/z9wAFsgBhcsF0ruoySS22mA==, registry: https://registry.npm.taobao.org/, tarball: https://registry.npmmirror.com/typescript/-/typescript-4.7.3.tgz}
    name: typescript
    version: 4.7.3
    engines: {node: '>=4.2.0'}
    hasBin: true
    dev: true
